
Microsoft Visual Studio Solution File, Format Version 12.00
# Visual Studio Version 16
VisualStudioVersion = 16.0.31605.320
MinimumVisualStudioVersion = 10.0.40219.1
Project("{9A19103F-16F7-4668-BE54-9A1E7A4F7556}") = "Entities", "Entities\Entities.csproj", "{2937A310-0A97-4E21-BC4C-7BE9FE0DEEAE}"
EndProject
Project("{9A19103F-16F7-4668-BE54-9A1E7A4F7556}") = "DataAccess", "DataAccess\DataAccess.csproj", "{A4260E93-65B1-42B0-B1B3-C8F4913E44F8}"
EndProject
Project("{9A19103F-16F7-4668-BE54-9A1E7A4F7556}") = "Business", "Business\Business.csproj", "{110A63BD-2DE3-43F0-86AC-7A4F9D42F2FE}"
EndProject
Project("{9A19103F-16F7-4668-BE54-9A1E7A4F7556}") = "ConsoleUI", "ConsoleUI\ConsoleUI.csproj", "{F03D454B-4239-4DA5-8E9B-9A93BB0B0D12}"
EndProject
Project("{9A19103F-16F7-4668-BE54-9A1E7A4F7556}") = "WebAPI", "WebAPI\WebAPI.csproj", "{CE4D7388-3771-45F7-94F7-F5C41F33CA33}"
EndProject
Project("{9A19103F-16F7-4668-BE54-9A1E7A4F7556}") = "Core", "..\Core\Core.csproj", "{83BC90C1-2C9C-45E2-BDC6-098FA3B52D81}"
EndProject
Global
	GlobalSection(SolutionConfigurationPlatforms) = preSolution
		Debug|Any CPU = Debug|Any CPU
		Release|Any CPU = Release|Any CPU
	EndGlobalSection
	GlobalSection(ProjectConfigurationPlatforms) = postSolution
		{2937A310-0A97-4E21-BC4C-7BE9FE0DEEAE}.Debug|Any CPU.ActiveCfg = Debug|Any CPU
		{2937A310-0A97-4E21-BC4C-7BE9FE0DEEAE}.Debug|Any CPU.Build.0 = Debug|Any CPU
		{2937A310-0A97-4E21-BC4C-7BE9FE0DEEAE}.Release|Any CPU.ActiveCfg = Release|Any CPU
		{2937A310-0A97-4E21-BC4C-7BE9FE0DEEAE}.Release|Any CPU.Build.0 = Release|Any CPU
		{A4260E93-65B1-42B0-B1B3-C8F4913E44F8}.Debug|Any CPU.ActiveCfg = Debug|Any CPU
		{A4260E93-65B1-42B0-B1B3-C8F4913E44F8}.Debug|Any CPU.Build.0 = Debug|Any CPU
		{A4260E93-65B1-42B0-B1B3-C8F4913E44F8}.Release|Any CPU.ActiveCfg = Release|Any CPU
		{A4260E93-65B1-42B0-B1B3-C8F4913E44F8}.Release|Any CPU.Build.0 = Release|Any CPU
		{110A63BD-2DE3-43F0-86AC-7A4F9D42F2FE}.Debug|Any CPU.ActiveCfg = Debug|Any CPU
		{110A63BD-2DE3-43F0-86AC-7A4F9D42F2FE}.Debug|Any CPU.Build.0 = Debug|Any CPU
		{110A63BD-2DE3-43F0-86AC-7A4F9D42F2FE}.Release|Any CPU.ActiveCfg = Release|Any CPU
		{110A63BD-2DE3-43F0-86AC-7A4F9D42F2FE}.Release|Any CPU.Build.0 = Release|Any CPU
		{F03D454B-4239-4DA5-8E9B-9A93BB0B0D12}.Debug|Any CPU.ActiveCfg = Debug|Any CPU
		{F03D454B-4239-4DA5-8E9B-9A93BB0B0D12}.Debug|Any CPU.Build.0 = Debug|Any CPU
		{F03D454B-4239-4DA5-8E9B-9A93BB0B0D12}.Release|Any CPU.ActiveCfg = Release|Any CPU
		{F03D454B-4239-4DA5-8E9B-9A93BB0B0D12}.Release|Any CPU.Build.0 = Release|Any CPU
		{CE4D7388-3771-45F7-94F7-F5C41F33CA33}.Debug|Any CPU.ActiveCfg = Debug|Any CPU
		{CE4D7388-3771-45F7-94F7-F5C41F33CA33}.Debug|Any CPU.Build.0 = Debug|Any CPU
		{CE4D7388-3771-45F7-94F7-F5C41F33CA33}.Release|Any CPU.ActiveCfg = Release|Any CPU
		{CE4D7388-3771-45F7-94F7-F5C41F33CA33}.Release|Any CPU.Build.0 = Release|Any CPU
		{83BC90C1-2C9C-45E2-BDC6-098FA3B52D81}.Debug|Any CPU.ActiveCfg = Debug|Any CPU
		{83BC90C1-2C9C-45E2-BDC6-098FA3B52D81}.Debug|Any CPU.Build.0 = Debug|Any CPU
		{83BC90C1-2C9C-45E2-BDC6-098FA3B52D81}.Release|Any CPU.ActiveCfg = Release|Any CPU
		{83BC90C1-2C9C-45E2-BDC6-098FA3B52D81}.Release|Any CPU.Build.0 = Release|Any CPU
	EndGlobalSection
	GlobalSection(SolutionProperties) = preSolution
		HideSolutionNode = FALSE
	EndGlobalSection
	GlobalSection(ExtensibilityGlobals) = postSolution
		SolutionGuid = {4EEFD7C9-C3EC-425C-8EA1-0C4A572363B8}
	EndGlobalSection
EndGlobal
